PODS:
  - LzmaSDK-ObjC (2.0.17)
  - Sparkle (1.18.1)

DEPENDENCIES:
  - LzmaSDK-ObjC
  - Sparkle

SPEC CHECKSUMS:
  LzmaSDK-ObjC: 5763c32dc37bf3491c62b1cf6e93be72daf2d026
  Sparkle: 06ea33170007c5937ee54da481b4481af98fac79

PODFILE CHECKSUM: 3b42a20f7908de7848a1f77e95183a0868cce746

COCOAPODS: 1.4.0
