PODS:
  - AHLaunchCtl (0.5.4)
  - LzmaSDK-ObjC (2.0.19)
  - Sparkle (1.18.1)

DEPENDENCIES:
  - AHLaunchCtl (~> 0.5.4)
  - LzmaSDK-ObjC (~> 2.0.19)
  - Sparkle (~> 1.18.1)

SPEC REPOS:
  https://github.com/cocoapods/specs.git:
    - AHLaunchCtl
    - LzmaSDK-ObjC
    - Sparkle

SPEC CHECKSUMS:
  AHLaunchCtl: 696233a41a9b968e0683ce2cc1b8686ff25ca5c7
  LzmaSDK-ObjC: 1dd68a10d1af6c127f9811d117bf41a90bac9234
  Sparkle: 06ea33170007c5937ee54da481b4481af98fac79

PODFILE CHECKSUM: 5f307249206ec1ed8684bec3c0ca48713a891fdf

COCOAPODS: 1.7.2
