// !$*UTF8*$!
{
	archiveVersion = 1;
	classes = {
	};
	objectVersion = 46;
	objects = {

/* Begin PBXBuildFile section */
		092114A52084BE9A0098AC5D /* Changelog.rtf in Resources */ = {isa = PBXBuildFile; fileRef = 092114A42084BE9A0098AC5D /* Changelog.rtf */; };
		093BDFC020861BCD004E6354 /* Editor.xib in Resources */ = {isa = PBXBuildFile; fileRef = 093BDFBF20861BCD004E6354 /* Editor.xib */; };
		093BDFC320861C0E004E6354 /* MCConfigEditor.m in Sources */ = {isa = PBXBuildFile; fileRef = 093BDFC220861C0E004E6354 /* MCConfigEditor.m */; };
		095F81912080D08A008DD286 /* MCObjects.m in Sources */ = {isa = PBXBuildFile; fileRef = 095F81902080D08A008DD286 /* MCObjects.m */; };
		095F9B412077DE6E003C60C1 /* FinderSync.framework in Frameworks */ = {isa = PBXBuildFile; fileRef = 095F9B402077DE6E003C60C1 /* FinderSync.framework */; };
		0984A9272067F07300BDE1B9 /* InstallXQuartz.sh in CopyFiles */ = {isa = PBXBuildFile; fileRef = 099F773B2066BEAD0093F828 /* InstallXQuartz.sh */; };
		099F773C2066BEAD0093F828 /* InstallXQuartz.sh in Resources */ = {isa = PBXBuildFile; fileRef = 099F773B2066BEAD0093F828 /* InstallXQuartz.sh */; };
		09CBFEAA2066A55500EB8A1A /* main.m in Sources */ = {isa = PBXBuildFile; fileRef = 09CBFEA92066A55500EB8A1A /* main.m */; };
		09CBFEB22066A5B900EB8A1A /* org.npyl.ManageConkySMJobBlessHelper in CopyFiles */ = {isa = PBXBuildFile; fileRef = 09CBFEA72066A55500EB8A1A /* org.npyl.ManageConkySMJobBlessHelper */; settings = {ATTRIBUTES = (CodeSignOnCopy, ); }; };
		09D8226D206F8FFC008BBFEB /* Shared.m in Sources */ = {isa = PBXBuildFile; fileRef = 09D8226C206F8FFC008BBFEB /* Shared.m */; };
		27F326D865D8A2AC31DFA4ED /* Pods_Manage_Conky.framework in Frameworks */ = {isa = PBXBuildFile; fileRef = EB4CD18A379F8DE15EBD610F /* Pods_Manage_Conky.framework */; };
		77B8473A1F62C2B600AF8BCA /* AppDelegate.m in Sources */ = {isa = PBXBuildFile; fileRef = 77B847391F62C2B600AF8BCA /* AppDelegate.m */; };
		77B8473D1F62C2B600AF8BCA /* main.m in Sources */ = {isa = PBXBuildFile; fileRef = 77B8473C1F62C2B600AF8BCA /* main.m */; };
		77B847401F62C2B600AF8BCA /* ViewController.m in Sources */ = {isa = PBXBuildFile; fileRef = 77B8473F1F62C2B600AF8BCA /* ViewController.m */; };
		77B847421F62C2B600AF8BCA /* Assets.xcassets in Resources */ = {isa = PBXBuildFile; fileRef = 77B847411F62C2B600AF8BCA /* Assets.xcassets */; };
		77B847451F62C2B600AF8BCA /* Main.storyboard in Resources */ = {isa = PBXBuildFile; fileRef = 77B847431F62C2B600AF8BCA /* Main.storyboard */; };
		77B9EFEF1F641AB800C375FE /* GeneralSheetController.m in Sources */ = {isa = PBXBuildFile; fileRef = 77B9EFEE1F641AB800C375FE /* GeneralSheetController.m */; };
		77B9EFF81F64293000C375FE /* ConkyPreferencesSheetController.m in Sources */ = {isa = PBXBuildFile; fileRef = 77B9EFF71F64293000C375FE /* ConkyPreferencesSheetController.m */; };
		77B9EFFB1F64295100C375FE /* ConkyThemesSheetController.m in Sources */ = {isa = PBXBuildFile; fileRef = 77B9EFFA1F64295100C375FE /* ConkyThemesSheetController.m */; };
		77E6DBCB1F648B92001DEBB1 /* AboutSheetController.m in Sources */ = {isa = PBXBuildFile; fileRef = 77E6DBCA1F648B92001DEBB1 /* AboutSheetController.m */; };
		77F6D6D51F65EB2E00A61645 /* ServiceManagement.framework in Frameworks */ = {isa = PBXBuildFile; fileRef = 77F6D6D41F65EB2E00A61645 /* ServiceManagement.framework */; };
		EC89E7F52060503900152AB3 /* SaveTheme.xib in Resources */ = {isa = PBXBuildFile; fileRef = EC89E7F42060503900152AB3 /* SaveTheme.xib */; };
		EC9EFB91205555C900C6BAAF /* NSAlert+runModalSheet.m in Sources */ = {isa = PBXBuildFile; fileRef = EC9EFB90205555C800C6BAAF /* NSAlert+runModalSheet.m */; };
		ECAF6F652024ADC900715D72 /* PFMoveApplication.m in Sources */ = {isa = PBXBuildFile; fileRef = ECAF6F642024ADC900715D72 /* PFMoveApplication.m */; settings = {COMPILER_FLAGS = "-fno-objc-arc"; }; };
		ECB76D56205D713900A3BB22 /* ConkyThemes.xib in Resources */ = {isa = PBXBuildFile; fileRef = ECB76D52205D713900A3BB22 /* ConkyThemes.xib */; };
		ECB76D57205D713900A3BB22 /* ConkyInstaller.xib in Resources */ = {isa = PBXBuildFile; fileRef = ECB76D53205D713900A3BB22 /* ConkyInstaller.xib */; };
		ECB76D58205D713900A3BB22 /* About.xib in Resources */ = {isa = PBXBuildFile; fileRef = ECB76D54205D713900A3BB22 /* About.xib */; };
		ECB76D59205D713900A3BB22 /* ConkyPreferences.xib in Resources */ = {isa = PBXBuildFile; fileRef = ECB76D55205D713900A3BB22 /* ConkyPreferences.xib */; };
		ECB76D5D205D716C00A3BB22 /* default-themes-2.1.cmtp.7z in Resources */ = {isa = PBXBuildFile; fileRef = ECB76D5A205D716B00A3BB22 /* default-themes-2.1.cmtp.7z */; };
		ECB76D5E205D716C00A3BB22 /* dsa_pub.pem in Resources */ = {isa = PBXBuildFile; fileRef = ECB76D5B205D716B00A3BB22 /* dsa_pub.pem */; };
		ECB76D5F205D716C00A3BB22 /* InstallLibraries.sh in Resources */ = {isa = PBXBuildFile; fileRef = ECB76D5C205D716B00A3BB22 /* InstallLibraries.sh */; };
		ECB76D61205D725100A3BB22 /* Credits.rtf in Resources */ = {isa = PBXBuildFile; fileRef = ECB76D60205D725100A3BB22 /* Credits.rtf */; };
		ECD50217204F21A400B9D76C /* ConkyX.app in CopyFiles */ = {isa = PBXBuildFile; fileRef = ECD50214204F210600B9D76C /* ConkyX.app */; settings = {ATTRIBUTES = (RemoveHeadersOnCopy, ); }; };
		ECEEE8A32049A630008C6D54 /* ConkyInstallerSheetController.m in Sources */ = {isa = PBXBuildFile; fileRef = ECEEE8A22049A630008C6D54 /* ConkyInstallerSheetController.m */; };
/* End PBXBuildFile section */

/* Begin PBXContainerItemProxy section */
		09CBFEB02066A5B200EB8A1A /* PBXContainerItemProxy */ = {
			isa = PBXContainerItemProxy;
			containerPortal = 77B8472D1F62C2B600AF8BCA /* Project object */;
			proxyType = 1;
			remoteGlobalIDString = 09CBFEA62066A55500EB8A1A;
			remoteInfo = ManageConkySMJobBlessHelper;
		};
		ECD50213204F210600B9D76C /* PBXContainerItemProxy */ = {
			isa = PBXContainerItemProxy;
			containerPortal = ECD5020E204F210500B9D76C /* ConkyX.xcodeproj */;
			proxyType = 2;
			remoteGlobalIDString = EC923C2320169A230019C772;
			remoteInfo = ConkyX;
		};
		ECD50215204F219E00B9D76C /* PBXContainerItemProxy */ = {
			isa = PBXContainerItemProxy;
			containerPortal = ECD5020E204F210500B9D76C /* ConkyX.xcodeproj */;
			proxyType = 1;
			remoteGlobalIDString = EC923C2220169A230019C772;
			remoteInfo = ConkyX;
		};
/* End PBXContainerItemProxy section */

/* Begin PBXCopyFilesBuildPhase section */
		091506C920729E0E00019E40 /* CopyFiles */ = {
			isa = PBXCopyFilesBuildPhase;
			buildActionMask = 2147483647;
			dstPath = Contents/Library/LoginItems;
			dstSubfolderSpec = 1;
			files = (
			);
			runOnlyForDeploymentPostprocessing = 0;
		};
		0984A9262067F06600BDE1B9 /* CopyFiles */ = {
			isa = PBXCopyFilesBuildPhase;
			buildActionMask = 2147483647;
			dstPath = "";
			dstSubfolderSpec = 7;
			files = (
				0984A9272067F07300BDE1B9 /* InstallXQuartz.sh in CopyFiles */,
			);
			runOnlyForDeploymentPostprocessing = 0;
		};
		09CBFEA22066A4FB00EB8A1A /* CopyFiles */ = {
			isa = PBXCopyFilesBuildPhase;
			buildActionMask = 2147483647;
			dstPath = Contents/Library/LaunchServices;
			dstSubfolderSpec = 1;
			files = (
				09CBFEB22066A5B900EB8A1A /* org.npyl.ManageConkySMJobBlessHelper in CopyFiles */,
			);
			runOnlyForDeploymentPostprocessing = 0;
		};
		09CBFEA52066A55500EB8A1A /* CopyFiles */ = {
			isa = PBXCopyFilesBuildPhase;
			buildActionMask = 2147483647;
			dstPath = /usr/share/man/man1;
			dstSubfolderSpec = 0;
			files = (
			);
			runOnlyForDeploymentPostprocessing = 1;
		};
		EC9691F2204DD4F600B99EB5 /* CopyFiles */ = {
			isa = PBXCopyFilesBuildPhase;
			buildActionMask = 2147483647;
			dstPath = "";
			dstSubfolderSpec = 7;
			files = (
				ECD50217204F21A400B9D76C /* ConkyX.app in CopyFiles */,
			);
			runOnlyForDeploymentPostprocessing = 0;
		};
/* End PBXCopyFilesBuildPhase section */

/* Begin PBXFileReference section */
		092114A42084BE9A0098AC5D /* Changelog.rtf */ = {isa = PBXFileReference; lastKnownFileType = text.rtf; name = Changelog.rtf; path = "Supporting Files/Changelog.rtf"; sourceTree = "<group>"; };
		093BDFBF20861BCD004E6354 /* Editor.xib */ = {isa = PBXFileReference; lastKnownFileType = file.xib; path = Editor.xib; sourceTree = "<group>"; };
		093BDFC120861C0E004E6354 /* MCConfigEditor.h */ = {isa = PBXFileReference; lastKnownFileType = sourcecode.c.h; path = MCConfigEditor.h; sourceTree = "<group>"; };
		093BDFC220861C0E004E6354 /* MCConfigEditor.m */ = {isa = PBXFileReference; lastKnownFileType = sourcecode.c.objc; path = MCConfigEditor.m; sourceTree = "<group>"; };
		09473739206AF28D009881EB /* Shared.h */ = {isa = PBXFileReference; fileEncoding = 4; lastKnownFileType = sourcecode.c.h; name = Shared.h; path = "Manage Conky/Shared.h"; sourceTree = "<group>"; };
		095F81902080D08A008DD286 /* MCObjects.m */ = {isa = PBXFileReference; lastKnownFileType = sourcecode.c.objc; name = MCObjects.m; path = MCObjects/MCObjects.m; sourceTree = "<group>"; };
		095F81922080D09B008DD286 /* MCObjects.h */ = {isa = PBXFileReference; lastKnownFileType = sourcecode.c.h; name = MCObjects.h; path = MCObjects/MCObjects.h; sourceTree = "<group>"; };
		095F9B3C2077DD6E003C60C1 /* Cocoa.framework */ = {isa = PBXFileReference; lastKnownFileType = wrapper.framework; name = Cocoa.framework; path = System/Library/Frameworks/Cocoa.framework; sourceTree = SDKROOT; };
		095F9B3E2077DD74003C60C1 /* Foundation.framework */ = {isa = PBXFileReference; lastKnownFileType = wrapper.framework; name = Foundation.framework; path = System/Library/Frameworks/Foundation.framework; sourceTree = SDKROOT; };
		095F9B402077DE6E003C60C1 /* FinderSync.framework */ = {isa = PBXFileReference; lastKnownFileType = wrapper.framework; name = FinderSync.framework; path = System/Library/Frameworks/FinderSync.framework; sourceTree = SDKROOT; };
		099F773B2066BEAD0093F828 /* InstallXQuartz.sh */ = {isa = PBXFileReference; fileEncoding = 4; lastKnownFileType = text.script.sh; name = InstallXQuartz.sh; path = Resources/InstallXQuartz.sh; sourceTree = "<group>"; };
		09CBFEA72066A55500EB8A1A /* org.npyl.ManageConkySMJobBlessHelper */ = {isa = PBXFileReference; explicitFileType = "compiled.mach-o.executable"; includeInIndex = 0; path = org.npyl.ManageConkySMJobBlessHelper; sourceTree = BUILT_PRODUCTS_DIR; };
		09CBFEA92066A55500EB8A1A /* main.m */ = {isa = PBXFileReference; lastKnownFileType = sourcecode.c.objc; path = main.m; sourceTree = "<group>"; };
		09CBFEAE2066A57600EB8A1A /* SMJobBlessHelper-Info.plist */ = {isa = PBXFileReference; fileEncoding = 4; lastKnownFileType = text.plist.xml; path = "SMJobBlessHelper-Info.plist"; sourceTree = "<group>"; };
		09CBFEAF2066A57600EB8A1A /* SMJobBlessHelper-Launchd.plist */ = {isa = PBXFileReference; fileEncoding = 4; lastKnownFileType = text.plist.xml; path = "SMJobBlessHelper-Launchd.plist"; sourceTree = "<group>"; };
		09D8226C206F8FFC008BBFEB /* Shared.m */ = {isa = PBXFileReference; lastKnownFileType = sourcecode.c.objc; name = Shared.m; path = "Manage Conky/Shared.m"; sourceTree = "<group>"; };
		340F98DF5E1D6ED230774514 /* Pods-Manage Conky.debug.xcconfig */ = {isa = PBXFileReference; includeInIndex = 1; lastKnownFileType = text.xcconfig; name = "Pods-Manage Conky.debug.xcconfig"; path = "Pods/Target Support Files/Pods-Manage Conky/Pods-Manage Conky.debug.xcconfig"; sourceTree = "<group>"; };
		4FEED78FA609076B614B101F /* Pods-Manage Conky.release.xcconfig */ = {isa = PBXFileReference; includeInIndex = 1; lastKnownFileType = text.xcconfig; name = "Pods-Manage Conky.release.xcconfig"; path = "Pods/Target Support Files/Pods-Manage Conky/Pods-Manage Conky.release.xcconfig"; sourceTree = "<group>"; };
		77B847351F62C2B600AF8BCA /* Manage Conky.app */ = {isa = PBXFileReference; explicitFileType = wrapper.application; includeInIndex = 0; path = "Manage Conky.app"; sourceTree = BUILT_PRODUCTS_DIR; };
		77B847381F62C2B600AF8BCA /* AppDelegate.h */ = {isa = PBXFileReference; lastKnownFileType = sourcecode.c.h; path = AppDelegate.h; sourceTree = "<group>"; };
		77B847391F62C2B600AF8BCA /* AppDelegate.m */ = {isa = PBXFileReference; lastKnownFileType = sourcecode.c.objc; path = AppDelegate.m; sourceTree = "<group>"; };
		77B8473C1F62C2B600AF8BCA /* main.m */ = {isa = PBXFileReference; lastKnownFileType = sourcecode.c.objc; path = main.m; sourceTree = "<group>"; };
		77B8473E1F62C2B600AF8BCA /* ViewController.h */ = {isa = PBXFileReference; lastKnownFileType = sourcecode.c.h; path = ViewController.h; sourceTree = "<group>"; };
		77B8473F1F62C2B600AF8BCA /* ViewController.m */ = {isa = PBXFileReference; lastKnownFileType = sourcecode.c.objc; path = ViewController.m; sourceTree = "<group>"; };
		77B847411F62C2B600AF8BCA /* Assets.xcassets */ = {isa = PBXFileReference; lastKnownFileType = folder.assetcatalog; path = Assets.xcassets; sourceTree = "<group>"; };
		77B847441F62C2B600AF8BCA /* Base */ = {isa = PBXFileReference; lastKnownFileType = file.storyboard; name = Base; path = Base.lproj/Main.storyboard; sourceTree = "<group>"; };
		77B847461F62C2B600AF8BCA /* Info.plist */ = {isa = PBXFileReference; lastKnownFileType = text.plist.xml; path = Info.plist; sourceTree = "<group>"; };
		77B9EFED1F641AB800C375FE /* GeneralSheetController.h */ = {isa = PBXFileReference; fileEncoding = 4; lastKnownFileType = sourcecode.c.h; path = GeneralSheetController.h; sourceTree = "<group>"; };
		77B9EFEE1F641AB800C375FE /* GeneralSheetController.m */ = {isa = PBXFileReference; fileEncoding = 4; lastKnownFileType = sourcecode.c.objc; path = GeneralSheetController.m; sourceTree = "<group>"; };
		77B9EFF61F64293000C375FE /* ConkyPreferencesSheetController.h */ = {isa = PBXFileReference; fileEncoding = 4; lastKnownFileType = sourcecode.c.h; path = ConkyPreferencesSheetController.h; sourceTree = "<group>"; };
		77B9EFF71F64293000C375FE /* ConkyPreferencesSheetController.m */ = {isa = PBXFileReference; fileEncoding = 4; lastKnownFileType = sourcecode.c.objc; path = ConkyPreferencesSheetController.m; sourceTree = "<group>"; };
		77B9EFF91F64295100C375FE /* ConkyThemesSheetController.h */ = {isa = PBXFileReference; fileEncoding = 4; lastKnownFileType = sourcecode.c.h; path = ConkyThemesSheetController.h; sourceTree = "<group>"; };
		77B9EFFA1F64295100C375FE /* ConkyThemesSheetController.m */ = {isa = PBXFileReference; fileEncoding = 4; lastKnownFileType = sourcecode.c.objc; path = ConkyThemesSheetController.m; sourceTree = "<group>"; };
		77E6DBC91F648B92001DEBB1 /* AboutSheetController.h */ = {isa = PBXFileReference; fileEncoding = 4; lastKnownFileType = sourcecode.c.h; path = AboutSheetController.h; sourceTree = "<group>"; };
		77E6DBCA1F648B92001DEBB1 /* AboutSheetController.m */ = {isa = PBXFileReference; fileEncoding = 4; lastKnownFileType = sourcecode.c.objc; path = AboutSheetController.m; sourceTree = "<group>"; };
		77F6D6D41F65EB2E00A61645 /* ServiceManagement.framework */ = {isa = PBXFileReference; lastKnownFileType = wrapper.framework; name = ServiceManagement.framework; path = System/Library/Frameworks/ServiceManagement.framework; sourceTree = SDKROOT; };
		EB4CD18A379F8DE15EBD610F /* Pods_Manage_Conky.framework */ = {isa = PBXFileReference; explicitFileType = wrapper.framework; includeInIndex = 0; path = Pods_Manage_Conky.framework; sourceTree = BUILT_PRODUCTS_DIR; };
		EC89E7F42060503900152AB3 /* SaveTheme.xib */ = {isa = PBXFileReference; lastKnownFileType = file.xib; path = SaveTheme.xib; sourceTree = "<group>"; };
		EC9EFB8F205555B200C6BAAF /* NSAlert+runModalSheet.h */ = {isa = PBXFileReference; lastKnownFileType = sourcecode.c.h; name = "NSAlert+runModalSheet.h"; path = "Extensions/NSAlert+runModalSheet.h"; sourceTree = "<group>"; };
		EC9EFB90205555C800C6BAAF /* NSAlert+runModalSheet.m */ = {isa = PBXFileReference; lastKnownFileType = sourcecode.c.objc; name = "NSAlert+runModalSheet.m"; path = "Extensions/NSAlert+runModalSheet.m"; sourceTree = "<group>"; };
		ECAF6F632024ADC900715D72 /* PFMoveApplication.h */ = {isa = PBXFileReference; fileEncoding = 4; lastKnownFileType = sourcecode.c.h; path = PFMoveApplication.h; sourceTree = "<group>"; };
		ECAF6F642024ADC900715D72 /* PFMoveApplication.m */ = {isa = PBXFileReference; fileEncoding = 4; lastKnownFileType = sourcecode.c.objc; path = PFMoveApplication.m; sourceTree = "<group>"; };
		ECB76D52205D713900A3BB22 /* ConkyThemes.xib */ = {isa = PBXFileReference; fileEncoding = 4; lastKnownFileType = file.xib; name = ConkyThemes.xib; path = Sheets/ConkyThemes.xib; sourceTree = "<group>"; };
		ECB76D53205D713900A3BB22 /* ConkyInstaller.xib */ = {isa = PBXFileReference; fileEncoding = 4; lastKnownFileType = file.xib; name = ConkyInstaller.xib; path = Sheets/ConkyInstaller.xib; sourceTree = "<group>"; };
		ECB76D54205D713900A3BB22 /* About.xib */ = {isa = PBXFileReference; fileEncoding = 4; lastKnownFileType = file.xib; name = About.xib; path = Sheets/About.xib; sourceTree = "<group>"; };
		ECB76D55205D713900A3BB22 /* ConkyPreferences.xib */ = {isa = PBXFileReference; fileEncoding = 4; lastKnownFileType = file.xib; name = ConkyPreferences.xib; path = Sheets/ConkyPreferences.xib; sourceTree = "<group>"; };
		ECB76D5A205D716B00A3BB22 /* default-themes-2.1.cmtp.7z */ = {isa = PBXFileReference; lastKnownFileType = file; name = "default-themes-2.1.cmtp.7z"; path = "Resources/default-themes-2.1.cmtp.7z"; sourceTree = "<group>"; };
		ECB76D5B205D716B00A3BB22 /* dsa_pub.pem */ = {isa = PBXFileReference; fileEncoding = 4; lastKnownFileType = text; name = dsa_pub.pem; path = Resources/dsa_pub.pem; sourceTree = "<group>"; };
		ECB76D5C205D716B00A3BB22 /* InstallLibraries.sh */ = {isa = PBXFileReference; fileEncoding = 4; lastKnownFileType = text.script.sh; name = InstallLibraries.sh; path = Resources/InstallLibraries.sh; sourceTree = "<group>"; };
		ECB76D60205D725100A3BB22 /* Credits.rtf */ = {isa = PBXFileReference; fileEncoding = 4; lastKnownFileType = text.rtf; name = Credits.rtf; path = "Supporting Files/Credits.rtf"; sourceTree = "<group>"; };
		ECD5020E204F210500B9D76C /* ConkyX.xcodeproj */ = {isa = PBXFileReference; lastKnownFileType = "wrapper.pb-project"; name = ConkyX.xcodeproj; path = ConkyX/ConkyX.xcodeproj; sourceTree = "<group>"; };
		ECEEE8A12049A630008C6D54 /* ConkyInstallerSheetController.h */ = {isa = PBXFileReference; lastKnownFileType = sourcecode.c.h; path = ConkyInstallerSheetController.h; sourceTree = "<group>"; };
		ECEEE8A22049A630008C6D54 /* ConkyInstallerSheetController.m */ = {isa = PBXFileReference; lastKnownFileType = sourcecode.c.objc; path = ConkyInstallerSheetController.m; sourceTree = "<group>"; };
/* End PBXFileReference section */

/* Begin PBXFrameworksBuildPhase section */
		09CBFEA42066A55500EB8A1A /* Frameworks */ = {
			isa = PBXFrameworksBuildPhase;
			buildActionMask = 2147483647;
			files = (
			);
			runOnlyForDeploymentPostprocessing = 0;
		};
		77B847321F62C2B600AF8BCA /* Frameworks */ = {
			isa = PBXFrameworksBuildPhase;
			buildActionMask = 2147483647;
			files = (
				095F9B412077DE6E003C60C1 /* FinderSync.framework in Frameworks */,
				77F6D6D51F65EB2E00A61645 /* ServiceManagement.framework in Frameworks */,
				27F326D865D8A2AC31DFA4ED /* Pods_Manage_Conky.framework in Frameworks */,
			);
			runOnlyForDeploymentPostprocessing = 0;
		};
/* End PBXFrameworksBuildPhase section */

/* Begin PBXGroup section */
		090C35B6209487B5009C97F8 /* Sources */ = {
			isa = PBXGroup;
			children = (
				ECAF6F622024ADC900715D72 /* LetsMove */,
				ECFEB3B520362E7D00A17AB5 /* GeneralSheetController */,
				09E4382A2080D0120083EBEC /* MCObjects */,
				EC9EFB8E2055554800C6BAAF /* Extensions */,
				77B847381F62C2B600AF8BCA /* AppDelegate.h */,
				77B847391F62C2B600AF8BCA /* AppDelegate.m */,
				77B8473E1F62C2B600AF8BCA /* ViewController.h */,
				77B8473F1F62C2B600AF8BCA /* ViewController.m */,
				093BDFC120861C0E004E6354 /* MCConfigEditor.h */,
				093BDFC220861C0E004E6354 /* MCConfigEditor.m */,
				77E6DBC91F648B92001DEBB1 /* AboutSheetController.h */,
				77E6DBCA1F648B92001DEBB1 /* AboutSheetController.m */,
				77B9EFF61F64293000C375FE /* ConkyPreferencesSheetController.h */,
				77B9EFF71F64293000C375FE /* ConkyPreferencesSheetController.m */,
				ECEEE8A12049A630008C6D54 /* ConkyInstallerSheetController.h */,
				ECEEE8A22049A630008C6D54 /* ConkyInstallerSheetController.m */,
				77B9EFF91F64295100C375FE /* ConkyThemesSheetController.h */,
				77B9EFFA1F64295100C375FE /* ConkyThemesSheetController.m */,
				77B8473C1F62C2B600AF8BCA /* main.m */,
			);
			name = Sources;
			sourceTree = "<group>";
		};
		09CBFEA82066A55500EB8A1A /* ManageConkySMJobBlessHelper */ = {
			isa = PBXGroup;
			children = (
				09CBFEAE2066A57600EB8A1A /* SMJobBlessHelper-Info.plist */,
				09CBFEAF2066A57600EB8A1A /* SMJobBlessHelper-Launchd.plist */,
				09CBFEA92066A55500EB8A1A /* main.m */,
			);
			path = ManageConkySMJobBlessHelper;
			sourceTree = "<group>";
		};
		09E4382A2080D0120083EBEC /* MCObjects */ = {
			isa = PBXGroup;
			children = (
				095F81922080D09B008DD286 /* MCObjects.h */,
				095F81902080D08A008DD286 /* MCObjects.m */,
			);
			name = MCObjects;
			sourceTree = "<group>";
		};
		77B8472C1F62C2B600AF8BCA = {
			isa = PBXGroup;
			children = (
				ECD5020E204F210500B9D76C /* ConkyX.xcodeproj */,
				09473739206AF28D009881EB /* Shared.h */,
				09D8226C206F8FFC008BBFEB /* Shared.m */,
				09CBFEA82066A55500EB8A1A /* ManageConkySMJobBlessHelper */,
				77B847371F62C2B600AF8BCA /* Manage Conky */,
				77B847361F62C2B600AF8BCA /* Products */,
				77F6D6D31F65EB2E00A61645 /* Frameworks */,
				84D8AFEE31EBA1C4C04E918A /* Pods */,
			);
			sourceTree = "<group>";
		};
		77B847361F62C2B600AF8BCA /* Products */ = {
			isa = PBXGroup;
			children = (
				77B847351F62C2B600AF8BCA /* Manage Conky.app */,
				09CBFEA72066A55500EB8A1A /* org.npyl.ManageConkySMJobBlessHelper */,
			);
			name = Products;
			sourceTree = "<group>";
		};
		77B847371F62C2B600AF8BCA /* Manage Conky */ = {
			isa = PBXGroup;
			children = (
				090C35B6209487B5009C97F8 /* Sources */,
				77B847411F62C2B600AF8BCA /* Assets.xcassets */,
				77B847461F62C2B600AF8BCA /* Info.plist */,
				EC3DF95C205D6035000ACB95 /* Resources */,
				77B8473B1F62C2B600AF8BCA /* Supporting Files */,
			);
			path = "Manage Conky";
			sourceTree = "<group>";
		};
		77B8473B1F62C2B600AF8BCA /* Supporting Files */ = {
			isa = PBXGroup;
			children = (
				ECB76D60205D725100A3BB22 /* Credits.rtf */,
				092114A42084BE9A0098AC5D /* Changelog.rtf */,
			);
			name = "Supporting Files";
			sourceTree = "<group>";
		};
		77F6D6D31F65EB2E00A61645 /* Frameworks */ = {
			isa = PBXGroup;
			children = (
				095F9B402077DE6E003C60C1 /* FinderSync.framework */,
				095F9B3E2077DD74003C60C1 /* Foundation.framework */,
				095F9B3C2077DD6E003C60C1 /* Cocoa.framework */,
				77F6D6D41F65EB2E00A61645 /* ServiceManagement.framework */,
				EB4CD18A379F8DE15EBD610F /* Pods_Manage_Conky.framework */,
			);
			name = Frameworks;
			sourceTree = "<group>";
		};
		84D8AFEE31EBA1C4C04E918A /* Pods */ = {
			isa = PBXGroup;
			children = (
				340F98DF5E1D6ED230774514 /* Pods-Manage Conky.debug.xcconfig */,
				4FEED78FA609076B614B101F /* Pods-Manage Conky.release.xcconfig */,
			);
			name = Pods;
			sourceTree = "<group>";
		};
		EC3DF95C205D6035000ACB95 /* Resources */ = {
			isa = PBXGroup;
			children = (
				EC9691F4204DD59E00B99EB5 /* Sheets */,
				77B847431F62C2B600AF8BCA /* Main.storyboard */,
				ECB76D5A205D716B00A3BB22 /* default-themes-2.1.cmtp.7z */,
				ECB76D5B205D716B00A3BB22 /* dsa_pub.pem */,
				ECB76D5C205D716B00A3BB22 /* InstallLibraries.sh */,
				099F773B2066BEAD0093F828 /* InstallXQuartz.sh */,
			);
			name = Resources;
			sourceTree = "<group>";
		};
		EC9691F4204DD59E00B99EB5 /* Sheets */ = {
			isa = PBXGroup;
			children = (
				ECB76D54205D713900A3BB22 /* About.xib */,
				ECB76D53205D713900A3BB22 /* ConkyInstaller.xib */,
				ECB76D55205D713900A3BB22 /* ConkyPreferences.xib */,
				ECB76D52205D713900A3BB22 /* ConkyThemes.xib */,
				EC89E7F42060503900152AB3 /* SaveTheme.xib */,
				093BDFBF20861BCD004E6354 /* Editor.xib */,
			);
			name = Sheets;
			sourceTree = "<group>";
		};
		EC9EFB8E2055554800C6BAAF /* Extensions */ = {
			isa = PBXGroup;
			children = (
				EC9EFB8F205555B200C6BAAF /* NSAlert+runModalSheet.h */,
				EC9EFB90205555C800C6BAAF /* NSAlert+runModalSheet.m */,
			);
			name = Extensions;
			sourceTree = "<group>";
		};
		ECAF6F622024ADC900715D72 /* LetsMove */ = {
			isa = PBXGroup;
			children = (
				ECAF6F632024ADC900715D72 /* PFMoveApplication.h */,
				ECAF6F642024ADC900715D72 /* PFMoveApplication.m */,
			);
			path = LetsMove;
			sourceTree = "<group>";
		};
		ECD5020F204F210500B9D76C /* Products */ = {
			isa = PBXGroup;
			children = (
				ECD50214204F210600B9D76C /* ConkyX.app */,
			);
			name = Products;
			sourceTree = "<group>";
		};
		ECFEB3B520362E7D00A17AB5 /* GeneralSheetController */ = {
			isa = PBXGroup;
			children = (
				77B9EFED1F641AB800C375FE /* GeneralSheetController.h */,
				77B9EFEE1F641AB800C375FE /* GeneralSheetController.m */,
			);
			name = GeneralSheetController;
			sourceTree = "<group>";
		};
/* End PBXGroup section */

/* Begin PBXNativeTarget section */
		09CBFEA62066A55500EB8A1A /* ManageConkySMJobBlessHelper */ = {
			isa = PBXNativeTarget;
			buildConfigurationList = 09CBFEAB2066A55500EB8A1A /* Build configuration list for PBXNativeTarget "ManageConkySMJobBlessHelper" */;
			buildPhases = (
				09CBFEA32066A55500EB8A1A /* Sources */,
				09CBFEA42066A55500EB8A1A /* Frameworks */,
				09CBFEA52066A55500EB8A1A /* CopyFiles */,
				0984A9262067F06600BDE1B9 /* CopyFiles */,
			);
			buildRules = (
			);
			dependencies = (
			);
			name = ManageConkySMJobBlessHelper;
			productName = ManageConkySMJobBlessHelper;
			productReference = 09CBFEA72066A55500EB8A1A /* org.npyl.ManageConkySMJobBlessHelper */;
			productType = "com.apple.product-type.tool";
		};
		77B847341F62C2B600AF8BCA /* Manage Conky */ = {
			isa = PBXNativeTarget;
			buildConfigurationList = 77B847491F62C2B600AF8BCA /* Build configuration list for PBXNativeTarget "Manage Conky" */;
			buildPhases = (
				06021C38407670CBC4B11E84 /* [CP] Check Pods Manifest.lock */,
				77B847311F62C2B600AF8BCA /* Sources */,
				77B847321F62C2B600AF8BCA /* Frameworks */,
				77B847331F62C2B600AF8BCA /* Resources */,
				025BFADCE971A6B1614A06DF /* [CP] Embed Pods Frameworks */,
				F7274ACE208100D26DB22441 /* [CP] Copy Pods Resources */,
				EC9691F2204DD4F600B99EB5 /* CopyFiles */,
				09CBFEA22066A4FB00EB8A1A /* CopyFiles */,
				091506C920729E0E00019E40 /* CopyFiles */,
			);
			buildRules = (
			);
			dependencies = (
				09CBFEB12066A5B200EB8A1A /* PBXTargetDependency */,
				ECD50216204F219E00B9D76C /* PBXTargetDependency */,
			);
			name = "Manage Conky";
			productName = "Manage Conky";
			productReference = 77B847351F62C2B600AF8BCA /* Manage Conky.app */;
			productType = "com.apple.product-type.application";
		};
/* End PBXNativeTarget section */

/* Begin PBXProject section */
		77B8472D1F62C2B600AF8BCA /* Project object */ = {
			isa = PBXProject;
			attributes = {
				LastUpgradeCheck = 0920;
				ORGANIZATIONNAME = "Nickolas Pylarinos";
				TargetAttributes = {
					09CBFEA62066A55500EB8A1A = {
						CreatedOnToolsVersion = 9.2;
						DevelopmentTeam = CC63MSFH9N;
						ProvisioningStyle = Automatic;
					};
					77B847341F62C2B600AF8BCA = {
						CreatedOnToolsVersion = 8.3.3;
						DevelopmentTeam = CC63MSFH9N;
						ProvisioningStyle = Automatic;
					};
				};
			};
			buildConfigurationList = 77B847301F62C2B600AF8BCA /* Build configuration list for PBXProject "Manage Conky" */;
			compatibilityVersion = "Xcode 3.2";
			developmentRegion = English;
			hasScannedForEncodings = 0;
			knownRegions = (
				en,
				Base,
			);
			mainGroup = 77B8472C1F62C2B600AF8BCA;
			productRefGroup = 77B847361F62C2B600AF8BCA /* Products */;
			projectDirPath = "";
			projectReferences = (
				{
					ProductGroup = ECD5020F204F210500B9D76C /* Products */;
					ProjectRef = ECD5020E204F210500B9D76C /* ConkyX.xcodeproj */;
				},
			);
			projectRoot = "";
			targets = (
				09CBFEA62066A55500EB8A1A /* ManageConkySMJobBlessHelper */,
				77B847341F62C2B600AF8BCA /* Manage Conky */,
			);
		};
/* End PBXProject section */

/* Begin PBXReferenceProxy section */
		ECD50214204F210600B9D76C /* ConkyX.app */ = {
			isa = PBXReferenceProxy;
			fileType = wrapper.application;
			path = ConkyX.app;
			remoteRef = ECD50213204F210600B9D76C /* PBXContainerItemProxy */;
			sourceTree = BUILT_PRODUCTS_DIR;
		};
/* End PBXReferenceProxy section */

/* Begin PBXResourcesBuildPhase section */
		77B847331F62C2B600AF8BCA /* Resources */ = {
			isa = PBXResourcesBuildPhase;
			buildActionMask = 2147483647;
			files = (
				093BDFC020861BCD004E6354 /* Editor.xib in Resources */,
				092114A52084BE9A0098AC5D /* Changelog.rtf in Resources */,
				ECB76D58205D713900A3BB22 /* About.xib in Resources */,
				ECB76D59205D713900A3BB22 /* ConkyPreferences.xib in Resources */,
				EC89E7F52060503900152AB3 /* SaveTheme.xib in Resources */,
				ECB76D56205D713900A3BB22 /* ConkyThemes.xib in Resources */,
				ECB76D57205D713900A3BB22 /* ConkyInstaller.xib in Resources */,
				77B847451F62C2B600AF8BCA /* Main.storyboard in Resources */,
				77B847421F62C2B600AF8BCA /* Assets.xcassets in Resources */,
				ECB76D5D205D716C00A3BB22 /* default-themes-2.1.cmtp.7z in Resources */,
				ECB76D5F205D716C00A3BB22 /* InstallLibraries.sh in Resources */,
				099F773C2066BEAD0093F828 /* InstallXQuartz.sh in Resources */,
				ECB76D61205D725100A3BB22 /* Credits.rtf in Resources */,
				ECB76D5E205D716C00A3BB22 /* dsa_pub.pem in Resources */,
			);
			runOnlyForDeploymentPostprocessing = 0;
		};
/* End PBXResourcesBuildPhase section */

/* Begin PBXShellScriptBuildPhase section */
		025BFADCE971A6B1614A06DF /* [CP] Embed Pods Frameworks */ = {
			isa = PBXShellScriptBuildPhase;
			buildActionMask = 12;
			files = (
			);
			inputPaths = (
				"${SRCROOT}/Pods/Target Support Files/Pods-Manage Conky/Pods-Manage Conky-frameworks.sh",
				"${BUILT_PRODUCTS_DIR}/LzmaSDK-ObjC/LzmaSDK_ObjC.framework",
				"${PODS_ROOT}/Sparkle/Sparkle.framework",
				"${PODS_ROOT}/Sparkle/Sparkle.framework.dSYM",
			);
			name = "[CP] Embed Pods Frameworks";
			outputPaths = (
				"${TARGET_BUILD_DIR}/${FRAMEWORKS_FOLDER_PATH}/LzmaSDK_ObjC.framework",
				"${TARGET_BUILD_DIR}/${FRAMEWORKS_FOLDER_PATH}/Sparkle.framework",
				"${DWARF_DSYM_FOLDER_PATH}/Sparkle.framework.dSYM",
			);
			runOnlyForDeploymentPostprocessing = 0;
			shellPath = /bin/sh;
			shellScript = "\"${SRCROOT}/Pods/Target Support Files/Pods-Manage Conky/Pods-Manage Conky-frameworks.sh\"\n";
			showEnvVarsInLog = 0;
		};
		06021C38407670CBC4B11E84 /* [CP] Check Pods Manifest.lock */ = {
			isa = PBXShellScriptBuildPhase;
			buildActionMask = 2147483647;
			files = (
			);
			inputPaths = (
				"${PODS_PODFILE_DIR_PATH}/Podfile.lock",
				"${PODS_ROOT}/Manifest.lock",
			);
			name = "[CP] Check Pods Manifest.lock";
			outputPaths = (
				"$(DERIVED_FILE_DIR)/Pods-Manage Conky-checkManifestLockResult.txt",
			);
			runOnlyForDeploymentPostprocessing = 0;
			shellPath = /bin/sh;
			shellScript = "diff \"${PODS_PODFILE_DIR_PATH}/Podfile.lock\" \"${PODS_ROOT}/Manifest.lock\" > /dev/null\nif [ $? != 0 ] ; then\n    # print error to STDERR\n    echo \"error: The sandbox is not in sync with the Podfile.lock. Run 'pod install' or update your CocoaPods installation.\" >&2\n    exit 1\nfi\n# This output is used by Xcode 'outputs' to avoid re-running this script phase.\necho \"SUCCESS\" > \"${SCRIPT_OUTPUT_FILE_0}\"\n";
			showEnvVarsInLog = 0;
		};
		F7274ACE208100D26DB22441 /* [CP] Copy Pods Resources */ = {
			isa = PBXShellScriptBuildPhase;
			buildActionMask = 12;
			files = (
			);
			inputPaths = (
			);
			name = "[CP] Copy Pods Resources";
			outputPaths = (
			);
			runOnlyForDeploymentPostprocessing = 0;
			shellPath = /bin/sh;
			shellScript = "\"${SRCROOT}/Pods/Target Support Files/Pods-Manage Conky/Pods-Manage Conky-resources.sh\"\n";
			showEnvVarsInLog = 0;
		};
/* End PBXShellScriptBuildPhase section */

/* Begin PBXSourcesBuildPhase section */
		09CBFEA32066A55500EB8A1A /* Sources */ = {
			isa = PBXSourcesBuildPhase;
			buildActionMask = 2147483647;
			files = (
				09CBFEAA2066A55500EB8A1A /* main.m in Sources */,
			);
			runOnlyForDeploymentPostprocessing = 0;
		};
		77B847311F62C2B600AF8BCA /* Sources */ = {
			isa = PBXSourcesBuildPhase;
			buildActionMask = 2147483647;
			files = (
				093BDFC320861C0E004E6354 /* MCConfigEditor.m in Sources */,
				77B847401F62C2B600AF8BCA /* ViewController.m in Sources */,
				09D8226D206F8FFC008BBFEB /* Shared.m in Sources */,
				EC9EFB91205555C900C6BAAF /* NSAlert+runModalSheet.m in Sources */,
				77B8473D1F62C2B600AF8BCA /* main.m in Sources */,
				77B9EFFB1F64295100C375FE /* ConkyThemesSheetController.m in Sources */,
				77E6DBCB1F648B92001DEBB1 /* AboutSheetController.m in Sources */,
				77B8473A1F62C2B600AF8BCA /* AppDelegate.m in Sources */,
				77B9EFEF1F641AB800C375FE /* GeneralSheetController.m in Sources */,
				095F81912080D08A008DD286 /* MCObjects.m in Sources */,
				ECEEE8A32049A630008C6D54 /* ConkyInstallerSheetController.m in Sources */,
				77B9EFF81F64293000C375FE /* ConkyPreferencesSheetController.m in Sources */,
				ECAF6F652024ADC900715D72 /* PFMoveApplication.m in Sources */,
			);
			runOnlyForDeploymentPostprocessing = 0;
		};
/* End PBXSourcesBuildPhase section */

/* Begin PBXTargetDependency section */
		09CBFEB12066A5B200EB8A1A /* PBXTargetDependency */ = {
			isa = PBXTargetDependency;
			target = 09CBFEA62066A55500EB8A1A /* ManageConkySMJobBlessHelper */;
			targetProxy = 09CBFEB02066A5B200EB8A1A /* PBXContainerItemProxy */;
		};
		ECD50216204F219E00B9D76C /* PBXTargetDependency */ = {
			isa = PBXTargetDependency;
			name = ConkyX;
			targetProxy = ECD50215204F219E00B9D76C /* PBXContainerItemProxy */;
		};
/* End PBXTargetDependency section */

/* Begin PBXVariantGroup section */
		77B847431F62C2B600AF8BCA /* Main.storyboard */ = {
			isa = PBXVariantGroup;
			children = (
				77B847441F62C2B600AF8BCA /* Base */,
			);
			name = Main.storyboard;
			sourceTree = "<group>";
		};
/* End PBXVariantGroup section */

/* Begin XCBuildConfiguration section */
		09CBFEAC2066A55500EB8A1A /* Debug */ = {
			isa = XCBuildConfiguration;
			buildSettings = {
				CLANG_CXX_LANGUAGE_STANDARD = "gnu++14";
				CLANG_WARN_UNGUARDED_AVAILABILITY = YES_AGGRESSIVE;
				CODE_SIGN_IDENTITY = "Mac Developer";
				CODE_SIGN_STYLE = Automatic;
				DEVELOPMENT_TEAM = CC63MSFH9N;
				GCC_C_LANGUAGE_STANDARD = gnu11;
				INFOPLIST_FILE = "$(SRCROOT)/ManageConkySMJobBlessHelper/SMJobBlessHelper-Info.plist";
				MACOSX_DEPLOYMENT_TARGET = 10.13;
				OTHER_LDFLAGS = (
					"-sectcreate",
					__TEXT,
					__info_plist,
					"ManageConkySMJobBlessHelper/SMJobBlessHelper-Info.plist",
					"-sectcreate",
					__TEXT,
					__launchd_plist,
					"ManageConkySMJobBlessHelper/SMJobBlessHelper-Launchd.plist",
				);
				PRODUCT_BUNDLE_IDENTIFIER = org.npyl.ManageConkySMJobBlessHelper;
				PRODUCT_MODULE_NAME = org_npyl_ManageConkySMJobBlessHelper;
				PRODUCT_NAME = org.npyl.ManageConkySMJobBlessHelper;
				PROVISIONING_PROFILE_SPECIFIER = "";
			};
			name = Debug;
		};
		09CBFEAD2066A55500EB8A1A /* Release */ = {
			isa = XCBuildConfiguration;
			buildSettings = {
				CLANG_CXX_LANGUAGE_STANDARD = "gnu++14";
				CLANG_WARN_UNGUARDED_AVAILABILITY = YES_AGGRESSIVE;
				CODE_SIGN_IDENTITY = "Mac Developer";
				CODE_SIGN_STYLE = Automatic;
				DEVELOPMENT_TEAM = CC63MSFH9N;
				GCC_C_LANGUAGE_STANDARD = gnu11;
				INFOPLIST_FILE = "$(SRCROOT)/ManageConkySMJobBlessHelper/SMJobBlessHelper-Info.plist";
				MACOSX_DEPLOYMENT_TARGET = 10.13;
				OTHER_LDFLAGS = (
					"-sectcreate",
					__TEXT,
					__info_plist,
					"ManageConkySMJobBlessHelper/SMJobBlessHelper-Info.plist",
					"-sectcreate",
					__TEXT,
					__launchd_plist,
					"ManageConkySMJobBlessHelper/SMJobBlessHelper-Launchd.plist",
				);
				PRODUCT_BUNDLE_IDENTIFIER = org.npyl.ManageConkySMJobBlessHelper;
				PRODUCT_MODULE_NAME = org_npyl_ManageConkySMJobBlessHelper;
				PRODUCT_NAME = org.npyl.ManageConkySMJobBlessHelper;
				PROVISIONING_PROFILE_SPECIFIER = "";
			};
			name = Release;
		};
		77B847471F62C2B600AF8BCA /* Debug */ = {
			isa = XCBuildConfiguration;
			buildSettings = {
				ALWAYS_SEARCH_USER_PATHS = NO;
				CLANG_ANALYZER_NONNULL = YES;
				CLANG_ANALYZER_NUMBER_OBJECT_CONVERSION = YES_AGGRESSIVE;
				CLANG_CXX_LANGUAGE_STANDARD = "gnu++0x";
				CLANG_CXX_LIBRARY = "libc++";
				CLANG_ENABLE_MODULES = YES;
				CLANG_ENABLE_OBJC_ARC = YES;
				CLANG_WARN_BLOCK_CAPTURE_AUTORELEASING = YES;
				CLANG_WARN_BOOL_CONVERSION = YES;
				CLANG_WARN_COMMA = YES;
				CLANG_WARN_CONSTANT_CONVERSION = YES;
				CLANG_WARN_DIRECT_OBJC_ISA_USAGE = YES_ERROR;
				CLANG_WARN_DOCUMENTATION_COMMENTS = YES;
				CLANG_WARN_EMPTY_BODY = YES;
				CLANG_WARN_ENUM_CONVERSION = YES;
				CLANG_WARN_INFINITE_RECURSION = YES;
				CLANG_WARN_INT_CONVERSION = YES;
				CLANG_WARN_NON_LITERAL_NULL_CONVERSION = YES;
				CLANG_WARN_OBJC_LITERAL_CONVERSION = YES;
				CLANG_WARN_OBJC_ROOT_CLASS = YES_ERROR;
				CLANG_WARN_RANGE_LOOP_ANALYSIS = YES;
				CLANG_WARN_STRICT_PROTOTYPES = YES;
				CLANG_WARN_SUSPICIOUS_MOVE = YES;
				CLANG_WARN_UNREACHABLE_CODE = YES;
				CLANG_WARN__DUPLICATE_METHOD_MATCH = YES;
				CODE_SIGN_IDENTITY = "-";
				COPY_PHASE_STRIP = NO;
				DEBUG_INFORMATION_FORMAT = dwarf;
				ENABLE_STRICT_OBJC_MSGSEND = YES;
				ENABLE_TESTABILITY = YES;
				GCC_C_LANGUAGE_STANDARD = gnu99;
				GCC_DYNAMIC_NO_PIC = NO;
				GCC_NO_COMMON_BLOCKS = YES;
				GCC_OPTIMIZATION_LEVEL = 0;
				GCC_PREPROCESSOR_DEFINITIONS = (
					"DEBUG=1",
					"$(inherited)",
				);
				GCC_WARN_64_TO_32_BIT_CONVERSION = YES;
				GCC_WARN_ABOUT_RETURN_TYPE = YES_ERROR;
				GCC_WARN_UNDECLARED_SELECTOR = YES;
				GCC_WARN_UNINITIALIZED_AUTOS = YES_AGGRESSIVE;
				GCC_WARN_UNUSED_FUNCTION = YES;
				GCC_WARN_UNUSED_VARIABLE = YES;
				MACOSX_DEPLOYMENT_TARGET = 10.13;
				MTL_ENABLE_DEBUG_INFO = YES;
				ONLY_ACTIVE_ARCH = YES;
				SDKROOT = macosx;
			};
			name = Debug;
		};
		77B847481F62C2B600AF8BCA /* Release */ = {
			isa = XCBuildConfiguration;
			buildSettings = {
				ALWAYS_SEARCH_USER_PATHS = NO;
				CLANG_ANALYZER_NONNULL = YES;
				CLANG_ANALYZER_NUMBER_OBJECT_CONVERSION = YES_AGGRESSIVE;
				CLANG_CXX_LANGUAGE_STANDARD = "gnu++0x";
				CLANG_CXX_LIBRARY = "libc++";
				CLANG_ENABLE_MODULES = YES;
				CLANG_ENABLE_OBJC_ARC = YES;
				CLANG_WARN_BLOCK_CAPTURE_AUTORELEASING = YES;
				CLANG_WARN_BOOL_CONVERSION = YES;
				CLANG_WARN_COMMA = YES;
				CLANG_WARN_CONSTANT_CONVERSION = YES;
				CLANG_WARN_DIRECT_OBJC_ISA_USAGE = YES_ERROR;
				CLANG_WARN_DOCUMENTATION_COMMENTS = YES;
				CLANG_WARN_EMPTY_BODY = YES;
				CLANG_WARN_ENUM_CONVERSION = YES;
				CLANG_WARN_INFINITE_RECURSION = YES;
				CLANG_WARN_INT_CONVERSION = YES;
				CLANG_WARN_NON_LITERAL_NULL_CONVERSION = YES;
				CLANG_WARN_OBJC_LITERAL_CONVERSION = YES;
				CLANG_WARN_OBJC_ROOT_CLASS = YES_ERROR;
				CLANG_WARN_RANGE_LOOP_ANALYSIS = YES;
				CLANG_WARN_STRICT_PROTOTYPES = YES;
				CLANG_WARN_SUSPICIOUS_MOVE = YES;
				CLANG_WARN_UNREACHABLE_CODE = YES;
				CLANG_WARN__DUPLICATE_METHOD_MATCH = YES;
				CODE_SIGN_IDENTITY = "-";
				COPY_PHASE_STRIP = NO;
				DEBUG_INFORMATION_FORMAT = "dwarf-with-dsym";
				ENABLE_NS_ASSERTIONS = NO;
				ENABLE_STRICT_OBJC_MSGSEND = YES;
				GCC_C_LANGUAGE_STANDARD = gnu99;
				GCC_NO_COMMON_BLOCKS = YES;
				GCC_WARN_64_TO_32_BIT_CONVERSION = YES;
				GCC_WARN_ABOUT_RETURN_TYPE = YES_ERROR;
				GCC_WARN_UNDECLARED_SELECTOR = YES;
				GCC_WARN_UNINITIALIZED_AUTOS = YES_AGGRESSIVE;
				GCC_WARN_UNUSED_FUNCTION = YES;
				GCC_WARN_UNUSED_VARIABLE = YES;
				MACOSX_DEPLOYMENT_TARGET = 10.13;
				MTL_ENABLE_DEBUG_INFO = NO;
				SDKROOT = macosx;
			};
			name = Release;
		};
		77B8474A1F62C2B600AF8BCA /* Debug */ = {
			isa = XCBuildConfiguration;
			baseConfigurationReference = 340F98DF5E1D6ED230774514 /* Pods-Manage Conky.debug.xcconfig */;
			buildSettings = {
				ASSETCATALOG_COMPILER_APPICON_NAME = AppIcon;
				CODE_SIGN_IDENTITY = "Mac Developer";
				CODE_SIGN_STYLE = Automatic;
				COMBINE_HIDPI_IMAGES = YES;
				DEVELOPMENT_TEAM = CC63MSFH9N;
				INFOPLIST_FILE = "Manage Conky/Info.plist";
				LD_RUNPATH_SEARCH_PATHS = "$(inherited) @executable_path/../Frameworks";
				PRODUCT_BUNDLE_IDENTIFIER = "org.npyl.Manage-Conky";
				PRODUCT_NAME = "$(TARGET_NAME)";
				PROVISIONING_PROFILE_SPECIFIER = "";
				SDKROOT = macosx;
			};
			name = Debug;
		};
		77B8474B1F62C2B600AF8BCA /* Release */ = {
			isa = XCBuildConfiguration;
			baseConfigurationReference = 4FEED78FA609076B614B101F /* Pods-Manage Conky.release.xcconfig */;
			buildSettings = {
				ASSETCATALOG_COMPILER_APPICON_NAME = AppIcon;
				CODE_SIGN_IDENTITY = "Mac Developer";
				CODE_SIGN_STYLE = Automatic;
				COMBINE_HIDPI_IMAGES = YES;
				DEVELOPMENT_TEAM = CC63MSFH9N;
				INFOPLIST_FILE = "Manage Conky/Info.plist";
				LD_RUNPATH_SEARCH_PATHS = "$(inherited) @executable_path/../Frameworks";
				PRODUCT_BUNDLE_IDENTIFIER = "org.npyl.Manage-Conky";
				PRODUCT_NAME = "$(TARGET_NAME)";
				PROVISIONING_PROFILE_SPECIFIER = "";
				SDKROOT = macosx;
			};
			name = Release;
		};
/* End XCBuildConfiguration section */

/* Begin XCConfigurationList section */
		09CBFEAB2066A55500EB8A1A /* Build configuration list for PBXNativeTarget "ManageConkySMJobBlessHelper" */ = {
			isa = XCConfigurationList;
			buildConfigurations = (
				09CBFEAC2066A55500EB8A1A /* Debug */,
				09CBFEAD2066A55500EB8A1A /* Release */,
			);
			defaultConfigurationIsVisible = 0;
			defaultConfigurationName = Release;
		};
		77B847301F62C2B600AF8BCA /* Build configuration list for PBXProject "Manage Conky" */ = {
			isa = XCConfigurationList;
			buildConfigurations = (
				77B847471F62C2B600AF8BCA /* Debug */,
				77B847481F62C2B600AF8BCA /* Release */,
			);
			defaultConfigurationIsVisible = 0;
			defaultConfigurationName = Release;
		};
		77B847491F62C2B600AF8BCA /* Build configuration list for PBXNativeTarget "Manage Conky" */ = {
			isa = XCConfigurationList;
			buildConfigurations = (
				77B8474A1F62C2B600AF8BCA /* Debug */,
				77B8474B1F62C2B600AF8BCA /* Release */,
			);
			defaultConfigurationIsVisible = 0;
			defaultConfigurationName = Release;
		};
/* End XCConfigurationList section */
	};
	rootObject = 77B8472D1F62C2B600AF8BCA /* Project object */;
}
